
Microsoft Visual Studio Solution File, Format Version 12.00
# Visual Studio Version 16
VisualStudioVersion = 16.0.31624.102
MinimumVisualStudioVersion = 10.0.40219.1
Project("{00D1A9C2-B5F0-4AF3-8072-F6C62B433612}") = "SQLDBPrac1", "SQLDBPrac1.sqlproj", "{13FF05CC-B613-414B-AE89-1A3C3315A866}"
EndProject
Global
	GlobalSection(SolutionConfigurationPlatforms) = preSolution
		Debug|Any CPU = Debug|Any CPU
		Release|Any CPU = Release|Any CPU
	EndGlobalSection
	GlobalSection(ProjectConfigurationPlatforms) = postSolution
		{13FF05CC-B613-414B-AE89-1A3C3315A866}.Debug|Any CPU.ActiveCfg = Debug|Any CPU
		{13FF05CC-B613-414B-AE89-1A3C3315A866}.Debug|Any CPU.Build.0 = Debug|Any CPU
		{13FF05CC-B613-414B-AE89-1A3C3315A866}.Debug|Any CPU.Deploy.0 = Debug|Any CPU
		{13FF05CC-B613-414B-AE89-1A3C3315A866}.Release|Any CPU.ActiveCfg = Release|Any CPU
		{13FF05CC-B613-414B-AE89-1A3C3315A866}.Release|Any CPU.Build.0 = Release|Any CPU
		{13FF05CC-B613-414B-AE89-1A3C3315A866}.Release|Any CPU.Deploy.0 = Release|Any CPU
	EndGlobalSection
	GlobalSection(SolutionProperties) = preSolution
		HideSolutionNode = FALSE
	EndGlobalSection
	GlobalSection(ExtensibilityGlobals) = postSolution
		SolutionGuid = {DF9A2D4D-3DDF-49E6-B664-5C87F9F7AD45}
	EndGlobalSection
EndGlobal
